
Microsoft Visual Studio Solution File, Format Version 12.00
# Visual Studio Version 16
VisualStudioVersion = 16.0.32228.343
MinimumVisualStudioVersion = 10.0.40219.1
Project("{FAE04EC0-301F-11D3-BF4B-00C04F79EFBC}") = "SF_Module13", "SF_Module13\SF_Module13.csproj", "{13089416-6308-4A4E-A4CB-F3DED84E7E5C}"
EndProject
Global
	GlobalSection(SolutionConfigurationPlatforms) = preSolution
		Debug|Any CPU = Debug|Any CPU
		Release|Any CPU = Release|Any CPU
	EndGlobalSection
	GlobalSection(ProjectConfigurationPlatforms) = postSolution
		{13089416-6308-4A4E-A4CB-F3DED84E7E5C}.Debug|Any CPU.ActiveCfg = Debug|Any CPU
		{13089416-6308-4A4E-A4CB-F3DED84E7E5C}.Debug|Any CPU.Build.0 = Debug|Any CPU
		{13089416-6308-4A4E-A4CB-F3DED84E7E5C}.Release|Any CPU.ActiveCfg = Release|Any CPU
		{13089416-6308-4A4E-A4CB-F3DED84E7E5C}.Release|Any CPU.Build.0 = Release|Any CPU
	EndGlobalSection
	GlobalSection(SolutionProperties) = preSolution
		HideSolutionNode = FALSE
	EndGlobalSection
	GlobalSection(ExtensibilityGlobals) = postSolution
		SolutionGuid = {C380CB0B-65CE-4241-A332-BC735840B0EA}
	EndGlobalSection
EndGlobal
